{
    "version": 3,
    "terraform_version": "0.11.7",
    "serial": 4,
    "lineage": "5385c0de-c585-3547-b376-19a896ceea6c",
    "modules": [
        {
            "path": [
                "root"
            ],
            "outputs": {},
            "resources": {
                "aws_instance.example": {
                    "type": "aws_instance",
                    "depends_on": [],
                    "primary": {
                        "id": "i-0b3bd5674bb0b6781",
                        "attributes": {
                            "ami": "ami-7c87d913",
                            "associate_public_ip_address": "true",
                            "availability_zone": "ap-south-1a",
                            "credit_specification.#": "1",
                            "credit_specification.0.cpu_credits": "standard",
                            "disable_api_termination": "false",
                            "ebs_block_device.#": "0",
                            "ebs_optimized": "false",
                            "ephemeral_block_device.#": "0",
                            "get_password_data": "false",
                            "iam_instance_profile": "",
                            "id": "i-0b3bd5674bb0b6781",
                            "instance_state": "running",
                            "instance_type": "t2.micro",
                            "ipv6_addresses.#": "0",
                            "key_name": "ubuntu",
                            "monitoring": "false",
                            "network_interface.#": "0",
                            "network_interface_id": "eni-4ce48012",
                            "password_data": "",
                            "placement_group": "",
                            "primary_network_interface_id": "eni-4ce48012",
                            "private_dns": "ip-172-31-27-127.ap-south-1.compute.internal",
                            "private_ip": "172.31.27.127",
                            "public_dns": "ec2-13-127-238-62.ap-south-1.compute.amazonaws.com",
                            "public_ip": "13.127.238.62",
                            "root_block_device.#": "1",
                            "root_block_device.0.delete_on_termination": "true",
                            "root_block_device.0.iops": "100",
                            "root_block_device.0.volume_id": "vol-03c78acb9de411ba0",
                            "root_block_device.0.volume_size": "8",
                            "root_block_device.0.volume_type": "gp2",
                            "security_groups.#": "1",
                            "security_groups.3360654998": "my-security-group",
                            "source_dest_check": "true",
                            "subnet_id": "subnet-4206662a",
                            "tags.%": "0",
                            "tenancy": "default",
                            "volume_tags.%": "0",
                            "vpc_security_group_ids.#": "1",
                            "vpc_security_group_ids.3541866094": "sg-a44377cf"
                        },
                        "meta": {
                            "e2bfb730-ecaa-11e6-8f88-34363bc7c4c0": {
                                "create": 600000000000,
                                "delete": 1200000000000,
                                "update": 600000000000
                            },
                            "schema_version": "1"
                        },
                        "tainted": false
                    },
                    "deposed": [],
                    "provider": "provider.aws"
                }
            },
            "depends_on": []
        }
    ]
}
